{
    "_readme": [
        "This file locks the dependencies of your project to a known state",
        "Read more about it at https://getcomposer.org/doc/01-basic-usage.md#installing-dependencies",
        "This file is @generated automatically"
    ],
    "content-hash": "c2efdc2e4b376f4213eab59b67ff0675",
    "packages": [
        {
            "name": "jaybizzle/crawler-detect",
            "version": "dev-master",
            "source": {
                "type": "git",
                "url": "https://github.com/JayBizzle/Crawler-Detect.git",
                "reference": "92ed056c80391ad9f29d5d22a50b8b1cd8cbf118"
            },
            "dist": {
                "type": "zip",
                "url": "https://api.github.com/repos/JayBizzle/Crawler-Detect/zipball/92ed056c80391ad9f29d5d22a50b8b1cd8cbf118",
                "reference": "92ed056c80391ad9f29d5d22a50b8b1cd8cbf118",
                "shasum": ""
            },
            "require": {
                "php": ">=5.3.0"
            },
            "require-dev": {
                "phpunit/phpunit": "^4.8|^5.5|^6.5|^9.4"
            },
            "default-branch": true,
            "type": "library",
            "autoload": {
                "psr-4": {
                    "Jaybizzle\\CrawlerDetect\\": "src/"
                }
            },
            "notification-url": "https://packagist.org/downloads/",
            "license": [
                "MIT"
            ],
            "authors": [
                {
                    "name": "Mark Beech",
                    "email": "m@rkbee.ch",
                    "role": "Developer"
                }
            ],
            "description": "CrawlerDetect is a PHP class for detecting bots/crawlers/spiders via the user agent",
            "homepage": "https://github.com/JayBizzle/Crawler-Detect/",
            "keywords": [
                "crawler",
                "crawler detect",
                "crawler detector",
                "crawlerdetect",
                "php crawler detect"
            ],
            "support": {
                "issues": "https://github.com/JayBizzle/Crawler-Detect/issues",
                "source": "https://github.com/JayBizzle/Crawler-Detect/tree/master"
            },
            "time": "2023-11-11T11:12:19+00:00"
        },
        {
            "name": "mobiledetect/mobiledetectlib",
            "version": "4.8.x-dev",
            "source": {
                "type": "git",
                "url": "https://github.com/serbanghita/Mobile-Detect.git",
                "reference": "9deba9f65b7473ac63c16789bd47501a4dfcbe6a"
            },
            "dist": {
                "type": "zip",
                "url": "https://api.github.com/repos/serbanghita/Mobile-Detect/zipball/9deba9f65b7473ac63c16789bd47501a4dfcbe6a",
                "reference": "9deba9f65b7473ac63c16789bd47501a4dfcbe6a",
                "shasum": ""
            },
            "require": {
                "php": ">=8.0",
                "psr/simple-cache": "^2 || ^3"
            },
            "require-dev": {
                "friendsofphp/php-cs-fixer": "^v3.35.1",
                "phpbench/phpbench": "^1.2",
                "phpstan/phpstan": "^1.10",
                "phpunit/phpunit": "^9.6",
                "squizlabs/php_codesniffer": "^3.7"
            },
            "default-branch": true,
            "type": "library",
            "autoload": {
                "psr-4": {
                    "Detection\\": "src/"
                }
            },
            "notification-url": "https://packagist.org/downloads/",
            "license": [
                "MIT"
            ],
            "authors": [
                {
                    "name": "Serban Ghita",
                    "email": "serbanghita@gmail.com",
                    "homepage": "http://mobiledetect.net",
                    "role": "Developer"
                }
            ],
            "description": "Mobile_Detect is a lightweight PHP class for detecting mobile devices. It uses the User-Agent string combined with specific HTTP headers to detect the mobile environment.",
            "homepage": "https://github.com/serbanghita/Mobile-Detect",
            "keywords": [
                "detect mobile devices",
                "mobile",
                "mobile detect",
                "mobile detector",
                "php mobile detect"
            ],
            "support": {
                "issues": "https://github.com/serbanghita/Mobile-Detect/issues",
                "source": "https://github.com/serbanghita/Mobile-Detect/tree/4.8.x"
            },
            "funding": [
                {
                    "url": "https://github.com/serbanghita",
                    "type": "github"
                }
            ],
            "time": "2024-03-01T22:46:51+00:00"
        },
        {
            "name": "psr/simple-cache",
            "version": "dev-master",
            "source": {
                "type": "git",
                "url": "https://github.com/php-fig/simple-cache.git",
                "reference": "2d280c2aaa23a120f35d55cfde8581954a8e77fa"
            },
            "dist": {
                "type": "zip",
                "url": "https://api.github.com/repos/php-fig/simple-cache/zipball/2d280c2aaa23a120f35d55cfde8581954a8e77fa",
                "reference": "2d280c2aaa23a120f35d55cfde8581954a8e77fa",
                "shasum": ""
            },
            "require": {
                "php": ">=8.0.0"
            },
            "default-branch": true,
            "type": "library",
            "extra": {
                "branch-alias": {
                    "dev-master": "3.0.x-dev"
                }
            },
            "autoload": {
                "psr-4": {
                    "Psr\\SimpleCache\\": "src/"
                }
            },
            "notification-url": "https://packagist.org/downloads/",
            "license": [
                "MIT"
            ],
            "authors": [
                {
                    "name": "PHP-FIG",
                    "homepage": "https://www.php-fig.org/"
                }
            ],
            "description": "Common interfaces for simple caching",
            "keywords": [
                "cache",
                "caching",
                "psr",
                "psr-16",
                "simple-cache"
            ],
            "support": {
                "source": "https://github.com/php-fig/simple-cache/tree/master"
            },
            "time": "2022-04-08T16:41:45+00:00"
        }
    ],
    "packages-dev": [],
    "aliases": [],
    "minimum-stability": "dev",
    "stability-flags": [],
    "prefer-stable": false,
    "prefer-lowest": false,
    "platform": [],
    "platform-dev": [],
    "plugin-api-version": "2.6.0"
}
